
Microsoft Visual Studio Solution File, Format Version 12.00
# Visual Studio 14
VisualStudioVersion = 14.0.25420.1
MinimumVisualStudioVersion = 10.0.40219.1
Project("{FAE04EC0-301F-11D3-BF4B-00C04F79EFBC}") = "Assembly-CSharp", "Assembly-CSharp\Assembly-CSharp.csproj", "{FE99B9DB-6F31-4762-9AAE-AB13EA9B8683}"
EndProject
Project("{FAE04EC0-301F-11D3-BF4B-00C04F79EFBC}") = "Assembly-CSharp-firstpass", "Assembly-CSharp-firstpass\Assembly-CSharp-firstpass.csproj", "{B13B29CF-8D6C-4863-ACAD-596A2FAFDB57}"
EndProject
Project("{FAE04EC0-301F-11D3-BF4B-00C04F79EFBC}") = "Assembly-UnityScript", "Assembly-UnityScript\Assembly-UnityScript.csproj", "{1896DEF9-A47F-446A-8D54-B5CB75B0DAA8}"
EndProject
Global
	GlobalSection(SolutionConfigurationPlatforms) = preSolution
		Debug|x86 = Debug|x86
		Release|x86 = Release|x86
	EndGlobalSection
	GlobalSection(ProjectConfigurationPlatforms) = postSolution
		{FE99B9DB-6F31-4762-9AAE-AB13EA9B8683}.Debug|x86.ActiveCfg = Debug|x86
		{FE99B9DB-6F31-4762-9AAE-AB13EA9B8683}.Debug|x86.Build.0 = Debug|x86
		{FE99B9DB-6F31-4762-9AAE-AB13EA9B8683}.Release|x86.ActiveCfg = Release|x86
		{FE99B9DB-6F31-4762-9AAE-AB13EA9B8683}.Release|x86.Build.0 = Release|x86
		{B13B29CF-8D6C-4863-ACAD-596A2FAFDB57}.Debug|x86.ActiveCfg = Debug|x86
		{B13B29CF-8D6C-4863-ACAD-596A2FAFDB57}.Debug|x86.Build.0 = Debug|x86
		{B13B29CF-8D6C-4863-ACAD-596A2FAFDB57}.Release|x86.ActiveCfg = Release|x86
		{B13B29CF-8D6C-4863-ACAD-596A2FAFDB57}.Release|x86.Build.0 = Release|x86
		{1896DEF9-A47F-446A-8D54-B5CB75B0DAA8}.Debug|x86.ActiveCfg = Debug|x86
		{1896DEF9-A47F-446A-8D54-B5CB75B0DAA8}.Debug|x86.Build.0 = Debug|x86
		{1896DEF9-A47F-446A-8D54-B5CB75B0DAA8}.Release|x86.ActiveCfg = Release|x86
		{1896DEF9-A47F-446A-8D54-B5CB75B0DAA8}.Release|x86.Build.0 = Release|x86
	EndGlobalSection
	GlobalSection(SolutionProperties) = preSolution
		HideSolutionNode = FALSE
	EndGlobalSection
EndGlobal
